
Microsoft Visual Studio Solution File, Format Version 12.00
# Visual Studio Version 17
VisualStudioVersion = 17.12.35527.113 d17.12
MinimumVisualStudioVersion = 10.0.40219.1
Project("{FAE04EC0-301F-11D3-BF4B-00C04F79EFBC}") = "MyMapsApi.Core", "MyMapsApi.Core\MyMapsApi.Core.csproj", "{7836ADC9-6596-4E90-A341-AC9DECC41E79}"
EndProject
Project("{2150E333-8FDC-42A3-9474-1A3956D46DE8}") = "infra", "infra", "{5ADE8A5C-8AF4-41AD-A0E7-E77D54FD3BB7}"
EndProject
Project("{FAE04EC0-301F-11D3-BF4B-00C04F79EFBC}") = "MyMapsApi.Infra.Contracts", "MyMapsApi.Infra.Contracts\MyMapsApi.Infra.Contracts.csproj", "{C3B447C9-E834-407B-AB26-A955A75C3678}"
EndProject
Project("{FAE04EC0-301F-11D3-BF4B-00C04F79EFBC}") = "MyMapsApi.Infra.PostgreSql", "MyMapsApi.Infra.PostgreSql\MyMapsApi.Infra.PostgreSql.csproj", "{9D807D5B-2BEB-46AF-96E9-86603CAAF901}"
EndProject
Project("{2150E333-8FDC-42A3-9474-1A3956D46DE8}") = "app", "app", "{3A91E9FD-94E4-447A-8C4A-AA20E5333059}"
EndProject
Project("{FAE04EC0-301F-11D3-BF4B-00C04F79EFBC}") = "MyMapsApi.App.Contracts", "MyMapsApi.App.Contracts\MyMapsApi.App.Contracts.csproj", "{43D9FBC7-8218-422A-B344-535EC59D8651}"
EndProject
Project("{FAE04EC0-301F-11D3-BF4B-00C04F79EFBC}") = "MyMapsApi.App.Implements", "MyMapsApi.App.Implements\MyMapsApi.App.Implements.csproj", "{C746B0D3-C7C0-4E6C-8EE6-3D158AD5A2B4}"
EndProject
Project("{FAE04EC0-301F-11D3-BF4B-00C04F79EFBC}") = "MyMapsApi.Controllers", "MyMapsApi.Controllers\MyMapsApi.Controllers.csproj", "{B751F2F3-E459-4BEB-AAF9-17474CD02E57}"
EndProject
Project("{FAE04EC0-301F-11D3-BF4B-00C04F79EFBC}") = "MyMapsApi.WebHost", "MyMapsApi.WebHost\MyMapsApi.WebHost.csproj", "{5E07EFEF-0586-4006-99AD-5218AA48821F}"
EndProject
Project("{FAE04EC0-301F-11D3-BF4B-00C04F79EFBC}") = "MyMapsApi.Shared", "MyMapsApi.Shared\MyMapsApi.Shared.csproj", "{89AC8EF8-EA5E-43D7-9E29-99241E152333}"
EndProject
Global
	GlobalSection(SolutionConfigurationPlatforms) = preSolution
		Debug|Any CPU = Debug|Any CPU
		Release|Any CPU = Release|Any CPU
	EndGlobalSection
	GlobalSection(ProjectConfigurationPlatforms) = postSolution
		{7836ADC9-6596-4E90-A341-AC9DECC41E79}.Debug|Any CPU.ActiveCfg = Debug|Any CPU
		{7836ADC9-6596-4E90-A341-AC9DECC41E79}.Debug|Any CPU.Build.0 = Debug|Any CPU
		{7836ADC9-6596-4E90-A341-AC9DECC41E79}.Release|Any CPU.ActiveCfg = Release|Any CPU
		{7836ADC9-6596-4E90-A341-AC9DECC41E79}.Release|Any CPU.Build.0 = Release|Any CPU
		{C3B447C9-E834-407B-AB26-A955A75C3678}.Debug|Any CPU.ActiveCfg = Debug|Any CPU
		{C3B447C9-E834-407B-AB26-A955A75C3678}.Debug|Any CPU.Build.0 = Debug|Any CPU
		{C3B447C9-E834-407B-AB26-A955A75C3678}.Release|Any CPU.ActiveCfg = Release|Any CPU
		{C3B447C9-E834-407B-AB26-A955A75C3678}.Release|Any CPU.Build.0 = Release|Any CPU
		{9D807D5B-2BEB-46AF-96E9-86603CAAF901}.Debug|Any CPU.ActiveCfg = Debug|Any CPU
		{9D807D5B-2BEB-46AF-96E9-86603CAAF901}.Debug|Any CPU.Build.0 = Debug|Any CPU
		{9D807D5B-2BEB-46AF-96E9-86603CAAF901}.Release|Any CPU.ActiveCfg = Release|Any CPU
		{9D807D5B-2BEB-46AF-96E9-86603CAAF901}.Release|Any CPU.Build.0 = Release|Any CPU
		{43D9FBC7-8218-422A-B344-535EC59D8651}.Debug|Any CPU.ActiveCfg = Debug|Any CPU
		{43D9FBC7-8218-422A-B344-535EC59D8651}.Debug|Any CPU.Build.0 = Debug|Any CPU
		{43D9FBC7-8218-422A-B344-535EC59D8651}.Release|Any CPU.ActiveCfg = Release|Any CPU
		{43D9FBC7-8218-422A-B344-535EC59D8651}.Release|Any CPU.Build.0 = Release|Any CPU
		{C746B0D3-C7C0-4E6C-8EE6-3D158AD5A2B4}.Debug|Any CPU.ActiveCfg = Debug|Any CPU
		{C746B0D3-C7C0-4E6C-8EE6-3D158AD5A2B4}.Debug|Any CPU.Build.0 = Debug|Any CPU
		{C746B0D3-C7C0-4E6C-8EE6-3D158AD5A2B4}.Release|Any CPU.ActiveCfg = Release|Any CPU
		{C746B0D3-C7C0-4E6C-8EE6-3D158AD5A2B4}.Release|Any CPU.Build.0 = Release|Any CPU
		{B751F2F3-E459-4BEB-AAF9-17474CD02E57}.Debug|Any CPU.ActiveCfg = Debug|Any CPU
		{B751F2F3-E459-4BEB-AAF9-17474CD02E57}.Debug|Any CPU.Build.0 = Debug|Any CPU
		{B751F2F3-E459-4BEB-AAF9-17474CD02E57}.Release|Any CPU.ActiveCfg = Release|Any CPU
		{B751F2F3-E459-4BEB-AAF9-17474CD02E57}.Release|Any CPU.Build.0 = Release|Any CPU
		{5E07EFEF-0586-4006-99AD-5218AA48821F}.Debug|Any CPU.ActiveCfg = Debug|Any CPU
		{5E07EFEF-0586-4006-99AD-5218AA48821F}.Debug|Any CPU.Build.0 = Debug|Any CPU
		{5E07EFEF-0586-4006-99AD-5218AA48821F}.Release|Any CPU.ActiveCfg = Release|Any CPU
		{5E07EFEF-0586-4006-99AD-5218AA48821F}.Release|Any CPU.Build.0 = Release|Any CPU
		{89AC8EF8-EA5E-43D7-9E29-99241E152333}.Debug|Any CPU.ActiveCfg = Debug|Any CPU
		{89AC8EF8-EA5E-43D7-9E29-99241E152333}.Debug|Any CPU.Build.0 = Debug|Any CPU
		{89AC8EF8-EA5E-43D7-9E29-99241E152333}.Release|Any CPU.ActiveCfg = Release|Any CPU
		{89AC8EF8-EA5E-43D7-9E29-99241E152333}.Release|Any CPU.Build.0 = Release|Any CPU
	EndGlobalSection
	GlobalSection(SolutionProperties) = preSolution
		HideSolutionNode = FALSE
	EndGlobalSection
	GlobalSection(NestedProjects) = preSolution
		{C3B447C9-E834-407B-AB26-A955A75C3678} = {5ADE8A5C-8AF4-41AD-A0E7-E77D54FD3BB7}
		{9D807D5B-2BEB-46AF-96E9-86603CAAF901} = {5ADE8A5C-8AF4-41AD-A0E7-E77D54FD3BB7}
		{43D9FBC7-8218-422A-B344-535EC59D8651} = {3A91E9FD-94E4-447A-8C4A-AA20E5333059}
		{C746B0D3-C7C0-4E6C-8EE6-3D158AD5A2B4} = {3A91E9FD-94E4-447A-8C4A-AA20E5333059}
	EndGlobalSection
EndGlobal
